
Microsoft Visual Studio Solution File, Format Version 12.00
# Visual Studio 14
VisualStudioVersion = 14.0.23107.0
MinimumVisualStudioVersion = 10.0.40219.1
Project("{FAE04EC0-301F-11D3-BF4B-00C04F79EFBC}") = "AbstractFactoryPatterns", "AbstractFactoryPatterns\AbstractFactoryPatterns.csproj", "{1C89EF53-3F0B-44E6-90EE-01E5F1C6DA7C}"
EndProject
Project("{FAE04EC0-301F-11D3-BF4B-00C04F79EFBC}") = "Factory2_AbstractPattern", "..\AbstractFactory\AbstractFactory\Factory2_AbstractPattern.csproj", "{B56045C1-1D9C-40BC-AF26-1D63AC521BC4}"
EndProject
Global
	GlobalSection(SolutionConfigurationPlatforms) = preSolution
		Debug|Any CPU = Debug|Any CPU
		Release|Any CPU = Release|Any CPU
	EndGlobalSection
	GlobalSection(ProjectConfigurationPlatforms) = postSolution
		{1C89EF53-3F0B-44E6-90EE-01E5F1C6DA7C}.Debug|Any CPU.ActiveCfg = Debug|Any CPU
		{1C89EF53-3F0B-44E6-90EE-01E5F1C6DA7C}.Debug|Any CPU.Build.0 = Debug|Any CPU
		{1C89EF53-3F0B-44E6-90EE-01E5F1C6DA7C}.Release|Any CPU.ActiveCfg = Release|Any CPU
		{1C89EF53-3F0B-44E6-90EE-01E5F1C6DA7C}.Release|Any CPU.Build.0 = Release|Any CPU
		{B56045C1-1D9C-40BC-AF26-1D63AC521BC4}.Debug|Any CPU.ActiveCfg = Debug|Any CPU
		{B56045C1-1D9C-40BC-AF26-1D63AC521BC4}.Debug|Any CPU.Build.0 = Debug|Any CPU
		{B56045C1-1D9C-40BC-AF26-1D63AC521BC4}.Release|Any CPU.ActiveCfg = Release|Any CPU
		{B56045C1-1D9C-40BC-AF26-1D63AC521BC4}.Release|Any CPU.Build.0 = Release|Any CPU
	EndGlobalSection
	GlobalSection(SolutionProperties) = preSolution
		HideSolutionNode = FALSE
	EndGlobalSection
EndGlobal
